Microsoft Visual Studio Solution File, Format Version 12.00
# Visual Studio Version 17
VisualStudioVersion = 17.5.2.0
MinimumVisualStudioVersion = 10.0.40219.1
Project("{2150E333-8FDC-42A3-9474-1A3956D46DE8}") = "C#Tests", "C#Tests", "{E64C637A-EBA4-6A32-A1E7-7EAC023C10A5}"
EndProject
Project("{FAE04EC0-301F-11D3-BF4B-00C04F79EFBC}") = "13.05", "C#Tests\13.05\13.05.csproj", "{72FDB039-7EF6-CAC5-36F5-5AE5FB2003B9}"
EndProject
Global
	GlobalSection(SolutionConfigurationPlatforms) = preSolution
		Debug|Any CPU = Debug|Any CPU
		Release|Any CPU = Release|Any CPU
	EndGlobalSection
	GlobalSection(ProjectConfigurationPlatforms) = postSolution
		{72FDB039-7EF6-CAC5-36F5-5AE5FB2003B9}.Debug|Any CPU.ActiveCfg = Debug|Any CPU
		{72FDB039-7EF6-CAC5-36F5-5AE5FB2003B9}.Debug|Any CPU.Build.0 = Debug|Any CPU
		{72FDB039-7EF6-CAC5-36F5-5AE5FB2003B9}.Release|Any CPU.ActiveCfg = Release|Any CPU
		{72FDB039-7EF6-CAC5-36F5-5AE5FB2003B9}.Release|Any CPU.Build.0 = Release|Any CPU
	EndGlobalSection
	GlobalSection(SolutionProperties) = preSolution
		HideSolutionNode = FALSE
	EndGlobalSection
	GlobalSection(NestedProjects) = preSolution
		{72FDB039-7EF6-CAC5-36F5-5AE5FB2003B9} = {E64C637A-EBA4-6A32-A1E7-7EAC023C10A5}
	EndGlobalSection
	GlobalSection(ExtensibilityGlobals) = postSolution
		SolutionGuid = {6346FF8F-A21A-48B5-B27D-C94AFF7A90EA}
	EndGlobalSection
EndGlobal
